{
  "version": "5",
  "specifiers": {
    "jsr:@cliffy/command@^1.0.0-rc.7": "1.1.0",
    "jsr:@cliffy/flags@1.1.0": "1.1.0",
    "jsr:@cliffy/internal@1.1.0": "1.1.0",
    "jsr:@cliffy/table@1.1.0": "1.1.0",
    "jsr:@std/assert@1": "1.0.19",
    "jsr:@std/fmt@^1.0.9": "1.0.10",
    "jsr:@std/fs@1": "1.0.23",
    "jsr:@std/internal@^1.0.12": "1.0.13",
    "jsr:@std/path@1": "1.1.4",
    "jsr:@std/path@^1.1.4": "1.1.4",
    "jsr:@std/text@^1.0.17": "1.0.18",
    "npm:oxlint@1.67.0": "1.67.0"
  },
  "jsr": {
    "@cliffy/command@1.1.0": {
      "integrity": "963019e2aa13272195b79256a7d8e0f2c60ba8c1b733e023f0aa241b4de87bf7",
      "dependencies": [
        "jsr:@cliffy/flags",
        "jsr:@cliffy/internal",
        "jsr:@cliffy/table",
        "jsr:@std/fmt",
        "jsr:@std/text"
      ]
    },
    "@cliffy/flags@1.1.0": {
      "integrity": "da161133ea19997d42ae5833226485a8e7598cf82b86d7c1a2ea10e974ecf21c",
      "dependencies": [
        "jsr:@cliffy/internal",
        "jsr:@std/text"
      ]
    },
    "@cliffy/internal@1.1.0": {
      "integrity": "433dd7755680d0da6b0a6186694327f6fd8e80807be314cf4bb06270bab28023"
    },
    "@cliffy/table@1.1.0": {
      "integrity": "6579680c9900628ccd0e05272e89ae483391d74a4f1dfe7c55c919e8a7320bcd",
      "dependencies": [
        "jsr:@std/fmt"
      ]
    },
    "@std/assert@1.0.19": {
      "integrity": "eaada96ee120cb980bc47e040f82814d786fe8162ecc53c91d8df60b8755991e",
      "dependencies": [
        "jsr:@std/internal"
      ]
    },
    "@std/fmt@1.0.10": {
      "integrity": "90dfba288802ac6de82fb31d0917eb9e4450b9925b954d5e51fc29ac07419db5"
    },
    "@std/fs@1.0.23": {
      "integrity": "3ecbae4ce4fee03b180fa710caff36bb5adb66631c46a6460aaad49515565a37",
      "dependencies": [
        "jsr:@std/internal",
        "jsr:@std/path@^1.1.4"
      ]
    },
    "@std/internal@1.0.13": {
      "integrity": "2f9546691d4ac2d32859c82dff284aaeac980ddeca38430d07941e7e288725c0"
    },
    "@std/path@1.1.4": {
      "integrity": "1d2d43f39efb1b42f0b1882a25486647cb851481862dc7313390b2bb044314b5",
      "dependencies": [
        "jsr:@std/internal"
      ]
    },
    "@std/text@1.0.18": {
      "integrity": "d199e516f80599813c64fd4aee5b8f26f6f7d1e1434c88fd153aeea6fea6a9b9"
    }
  },
  "npm": {
    "@oxlint/binding-android-arm-eabi@1.67.0": {
      "integrity": "sha512-VrSi571rDv1N8HaEDM+DEX8nmT0y9jJo8tzzW13vsOWTx59xQczCIJx68n2zWOXRT5YKZsOZXp4qkHN/10x4mw==",
      "os": ["android"],
      "cpu": ["arm"]
    },
    "@oxlint/binding-android-arm64@1.67.0": {
      "integrity": "sha512-l6+NdYxMoRohix5r5bbigW16LPicceCwGcQ6LKKuE1kUdjgFfQolJjrJsQYPFetIs78Gxj/G/f5TEGoTCwj9nQ==",
      "os": ["android"],
      "cpu": ["arm64"]
    },
    "@oxlint/binding-darwin-arm64@1.67.0": {
      "integrity": "sha512-jOzXxS1AxFxhImLIRbtGIMrEwaXcgMw3gR57WB1cRk8ai+vpr6726kxXqVvlNsrXtJ/FrmOm8RxlC0m8SW24Qg==",
      "os": ["darwin"],
      "cpu": ["arm64"]
    },
    "@oxlint/binding-darwin-x64@1.67.0": {
      "integrity": "sha512-3DFAVY94OqjIZHXIPz37yGRSWwOFTAqChQ64/M69GYLawzP0KiwdhDNfqdKKYT0bTR/DNxmMnQsj3ns+8+X/Lg==",
      "os": ["darwin"],
      "cpu": ["x64"]
    },
    "@oxlint/binding-freebsd-x64@1.67.0": {
      "integrity": "sha512-e4dDKZuLu8TR9DEBssWSDahlPgZBwojTTHZUvnjBRJfJJbpxYCjfjKfi0Z1+CSLMiJBwI2yCDtRM1XJQaARjmg==",
      "os": ["freebsd"],
      "cpu": ["x64"]
    },
    "@oxlint/binding-linux-arm-gnueabihf@1.67.0": {
      "integrity": "sha512-BKytFdcQzbITV3xlnzDUDTEDtbUMCCiC4EaNTDZ4FyT8gdNvBC4gfiLucXp/sQl0XU3p7syTlorUWVVVBZab2g==",
      "os": ["linux"],
      "cpu": ["arm"]
    },
    "@oxlint/binding-linux-arm-musleabihf@1.67.0": {
      "integrity": "sha512-XYAv0esBDX7BpTzRDjVX2Vdj+zndd8ll2dFQiaeQ6zTZr7A8GRDTN7fH3FP3jU+O0vCDx85oH/EtG7BzPgAXuw==",
      "os": ["linux"],
      "cpu": ["arm"]
    },
    "@oxlint/binding-linux-arm64-gnu@1.67.0": {
      "integrity": "sha512-zizRMjA0i6u/2B0evgda04iycu+MoNuf1pBy6Eh+1CjC5wMEG7qN5zdDKTCvFc0KSYSDM9QTG3gjZHirgtQuKg==",
      "os": ["linux"],
      "cpu": ["arm64"]
    },
    "@oxlint/binding-linux-arm64-musl@1.67.0": {
      "integrity": "sha512-zB/Tf6sUjmmvvbva9Gj3JTJ8rJ9t4I8/U0o6vSRtd0DRIsIuyegBwJAzhSUFQHdMijIRJkW0exs/yBhpw2S20w==",
      "os": ["linux"],
      "cpu": ["arm64"]
    },
    "@oxlint/binding-linux-ppc64-gnu@1.67.0": {
      "integrity": "sha512-kgU40Gt74CK0TCsF51KZymkIwN9U0BajKsMijB52zPqOeZU9NAHkA/NSQkZDHEaCakx42DxhXkODiAqf2b4Gug==",
      "os": ["linux"],
      "cpu": ["ppc64"]
    },
    "@oxlint/binding-linux-riscv64-gnu@1.67.0": {
      "integrity": "sha512-tOYhkk/iaG9aD3FvGpBFd1Lrw0x0RaVoJBxjUkfNzS50rC5NS5BteNCwgr8A2zCdADrIIoze6D7u6U5Ic++/iQ==",
      "os": ["linux"],
      "cpu": ["riscv64"]
    },
    "@oxlint/binding-linux-riscv64-musl@1.67.0": {
      "integrity": "sha512-sEtywrPb+0b+tHYl1SDCrw903fiC4eyKoNqzP3v+f2JT3Xcv4NEYG+P8rj+eEnX7IWhqV/xj8/JmcmVj21CXaA==",
      "os": ["linux"],
      "cpu": ["riscv64"]
    },
    "@oxlint/binding-linux-s390x-gnu@1.67.0": {
      "integrity": "sha512-BvR8Moa0zCLxroOx4vZaZN9nUfwAUpSTwjZdxZyKy4bv3PrzrXrxKR/ZQ0L9wNSvlPhnMJeZfa3q5w6ZCTuN6Q==",
      "os": ["linux"],
      "cpu": ["s390x"]
    },
    "@oxlint/binding-linux-x64-gnu@1.67.0": {
      "integrity": "sha512-mm2cxM6fksOpq6l0uFws8BUGKAR4dNa/cZCn37Npq7PFbhD5HDJqWfnoIvTaeRKMy5XdS2tO0MA0qbHDrnXAAA==",
      "os": ["linux"],
      "cpu": ["x64"]
    },
    "@oxlint/binding-linux-x64-musl@1.67.0": {
      "integrity": "sha512-WmbMuLapKyDlobMkXAaAL0Y+Uczh4LETfIfQsUpbId4Ip8Ai82/jqeYTOoUCkuuhBFapgqP253+d83tLKOksJg==",
      "os": ["linux"],
      "cpu": ["x64"]
    },
    "@oxlint/binding-openharmony-arm64@1.67.0": {
      "integrity": "sha512-9g/PqxYJelzzTAOR5Y+RiRqdeydhEuXv2KxNeFcAKQ7UsvnWSY1OP4MsuPMbTO2Pf70tz7mFhl1j13H3fyh+8g==",
      "os": ["openharmony"],
      "cpu": ["arm64"]
    },
    "@oxlint/binding-win32-arm64-msvc@1.67.0": {
      "integrity": "sha512-2VhwE6Gatb0vJGnN0TBuQMbKCOiZlSQ/zJvVWYLK4a9d4iDiJOen/yVQkGpmsJ90MuH66fzi0kEKI0jRQMDxGA==",
      "os": ["win32"],
      "cpu": ["arm64"]
    },
    "@oxlint/binding-win32-ia32-msvc@1.67.0": {
      "integrity": "sha512-EQ3VExXfeM1InbE5+JjufhZZTWy+kHUwgt3yZR7gQ47Je/mE0WspQPan0OJznh493L5anM210YNJtH1PXjTSFg==",
      "os": ["win32"],
      "cpu": ["ia32"]
    },
    "@oxlint/binding-win32-x64-msvc@1.67.0": {
      "integrity": "sha512-bw24y+/1MHS4QDkons3YyHkPT9uCMoLHHgQhb+mb8NOjTYwub1CZ+K9Ngr8aO5DMrDrkqHwTzlTwFP2vS8Y/ZQ==",
      "os": ["win32"],
      "cpu": ["x64"]
    },
    "oxlint@1.67.0": {
      "integrity": "sha512-blwwaHPdoH8piQ5/z0KHeoHFR7FZgl12WluKJfu4qFLPkZl6mK04PkLE45Fw1NxfBRSlh40Gu7MkxHUw++ociQ==",
      "optionalDependencies": [
        "@oxlint/binding-android-arm-eabi",
        "@oxlint/binding-android-arm64",
        "@oxlint/binding-darwin-arm64",
        "@oxlint/binding-darwin-x64",
        "@oxlint/binding-freebsd-x64",
        "@oxlint/binding-linux-arm-gnueabihf",
        "@oxlint/binding-linux-arm-musleabihf",
        "@oxlint/binding-linux-arm64-gnu",
        "@oxlint/binding-linux-arm64-musl",
        "@oxlint/binding-linux-ppc64-gnu",
        "@oxlint/binding-linux-riscv64-gnu",
        "@oxlint/binding-linux-riscv64-musl",
        "@oxlint/binding-linux-s390x-gnu",
        "@oxlint/binding-linux-x64-gnu",
        "@oxlint/binding-linux-x64-musl",
        "@oxlint/binding-openharmony-arm64",
        "@oxlint/binding-win32-arm64-msvc",
        "@oxlint/binding-win32-ia32-msvc",
        "@oxlint/binding-win32-x64-msvc"
      ],
      "bin": true
    }
  },
  "workspace": {
    "dependencies": [
      "jsr:@cliffy/command@^1.0.0-rc.7",
      "jsr:@cliffy/prompt@^1.0.0-rc.7",
      "jsr:@std/assert@1",
      "jsr:@std/fmt@1",
      "jsr:@std/fs@1",
      "jsr:@std/path@1",
      "jsr:@std/toml@1"
    ]
  }
}
