{
  "version": "5",
  "specifiers": {
    "jsr:@cliffy/command@^1.0.0-rc.7": "1.1.0",
    "jsr:@cliffy/flags@1.1.0": "1.1.0",
    "jsr:@cliffy/internal@1.1.0": "1.1.0",
    "jsr:@cliffy/table@1.1.0": "1.1.0",
    "jsr:@std/fmt@^1.0.9": "1.0.10",
    "jsr:@std/fs@1": "1.0.23",
    "jsr:@std/internal@^1.0.12": "1.0.13",
    "jsr:@std/path@1": "1.1.4",
    "jsr:@std/path@^1.1.4": "1.1.4",
    "jsr:@std/text@^1.0.17": "1.0.18"
  },
  "jsr": {
    "@cliffy/command@1.1.0": {
      "integrity": "963019e2aa13272195b79256a7d8e0f2c60ba8c1b733e023f0aa241b4de87bf7",
      "dependencies": [
        "jsr:@cliffy/flags",
        "jsr:@cliffy/internal",
        "jsr:@cliffy/table",
        "jsr:@std/fmt",
        "jsr:@std/text"
      ]
    },
    "@cliffy/flags@1.1.0": {
      "integrity": "da161133ea19997d42ae5833226485a8e7598cf82b86d7c1a2ea10e974ecf21c",
      "dependencies": [
        "jsr:@cliffy/internal",
        "jsr:@std/text"
      ]
    },
    "@cliffy/internal@1.1.0": {
      "integrity": "433dd7755680d0da6b0a6186694327f6fd8e80807be314cf4bb06270bab28023"
    },
    "@cliffy/table@1.1.0": {
      "integrity": "6579680c9900628ccd0e05272e89ae483391d74a4f1dfe7c55c919e8a7320bcd",
      "dependencies": [
        "jsr:@std/fmt"
      ]
    },
    "@std/fmt@1.0.10": {
      "integrity": "90dfba288802ac6de82fb31d0917eb9e4450b9925b954d5e51fc29ac07419db5"
    },
    "@std/fs@1.0.23": {
      "integrity": "3ecbae4ce4fee03b180fa710caff36bb5adb66631c46a6460aaad49515565a37",
      "dependencies": [
        "jsr:@std/internal",
        "jsr:@std/path@^1.1.4"
      ]
    },
    "@std/internal@1.0.13": {
      "integrity": "2f9546691d4ac2d32859c82dff284aaeac980ddeca38430d07941e7e288725c0"
    },
    "@std/path@1.1.4": {
      "integrity": "1d2d43f39efb1b42f0b1882a25486647cb851481862dc7313390b2bb044314b5",
      "dependencies": [
        "jsr:@std/internal"
      ]
    },
    "@std/text@1.0.18": {
      "integrity": "d199e516f80599813c64fd4aee5b8f26f6f7d1e1434c88fd153aeea6fea6a9b9"
    }
  },
  "workspace": {
    "dependencies": [
      "jsr:@cliffy/command@^1.0.0-rc.7",
      "jsr:@cliffy/prompt@^1.0.0-rc.7",
      "jsr:@std/fmt@1",
      "jsr:@std/fs@1",
      "jsr:@std/path@1",
      "jsr:@std/toml@1"
    ]
  }
}
